
Microsoft Visual Studio Solution File, Format Version 12.00
# Visual Studio Version 17
VisualStudioVersion = 17.7.34031.279
MinimumVisualStudioVersion = 10.0.40219.1
Project("{888888A0-9F3D-457C-B088-3A5042F75D52}") = "Web Scraping", "Web Scraping.pyproj", "{62B4FAB9-F211-464C-B449-3B60D1B9D3D0}"
EndProject
Global
	GlobalSection(SolutionConfigurationPlatforms) = preSolution
		Debug|Any CPU = Debug|Any CPU
		Release|Any CPU = Release|Any CPU
	EndGlobalSection
	GlobalSection(ProjectConfigurationPlatforms) = postSolution
		{62B4FAB9-F211-464C-B449-3B60D1B9D3D0}.Debug|Any CPU.ActiveCfg = Debug|Any CPU
		{62B4FAB9-F211-464C-B449-3B60D1B9D3D0}.Release|Any CPU.ActiveCfg = Release|Any CPU
	EndGlobalSection
	GlobalSection(SolutionProperties) = preSolution
		HideSolutionNode = FALSE
	EndGlobalSection
	GlobalSection(ExtensibilityGlobals) = postSolution
		SolutionGuid = {936A5521-7E0C-4F21-AC9D-88DFC800A9D2}
	EndGlobalSection
EndGlobal
